{
  "name": "pot-benchmarks-runner",
  "version": "1.0.0",
  "lockfileVersion": 3,
  "requires": true,
  "packages": {
    "": {
      "name": "pot-benchmarks-runner",
      "version": "1.0.0",
      "dependencies": {
        "pot-sdk": "^0.1.0"
      }
    },
    "node_modules/pot-sdk": {
      "version": "0.1.0",
      "resolved": "https://registry.npmjs.org/pot-sdk/-/pot-sdk-0.1.0.tgz",
      "integrity": "sha512-dqji/O/erjl7HHCARJ/X8M+uKbnEvh+xkI27TZtr5M3cnFK/2nRAePzo3zVrA+9jZUiKsWnpOMr5I/n5YGL3yA==",
      "license": "MIT"
    }
  }
}
